# THIS IS AN AUTOGENERATED FILE. DO NOT EDIT THIS FILE DIRECTLY.
# yarn lockfile v1


"@babel/runtime@^7.17.9":
  version "7.17.9"
  resolved "https://registry.yarnpkg.com/@babel/runtime/-/runtime-7.17.9.tgz#d19fbf802d01a8cb6cf053a64e472d42c434ba72"
  integrity sha512-lSiBBvodq29uShpWGNbgFdKYNiFDo5/HIYsaCEY9ff4sb10x9jizo2+pRrSyF4jKZCXqgzuqBOQKbUm90gQwJg==
  dependencies:
    regenerator-runtime "^0.13.4"

automation-events@^4.0.15:
  version "4.0.15"
  resolved "https://registry.yarnpkg.com/automation-events/-/automation-events-4.0.15.tgz#c162ece257d66b7f9b3c7f5547bf2387b1f9e1e8"
  integrity sha512-58S7TZEii10lx4SABD/B52uMZXN30FWbfM06+3Kgo602YvWbhPQG2IiOvr/7iI5x7fjrqPNVjAigA0C/kOA28g==
  dependencies:
    "@babel/runtime" "^7.17.9"
    tslib "^2.3.1"

regenerator-runtime@^0.13.4:
  version "0.13.9"
  resolved "https://registry.yarnpkg.com/regenerator-runtime/-/regenerator-runtime-0.13.9.tgz#8925742a98ffd90814988d7566ad30ca3b263b52"
  integrity sha512-p3VT+cOEgxFsRRA9X4lkI1E+k2/CtnKtU4gcxyaCUreilL/vqI6CdZ3wxVUx3UOUg+gnUOQQcRI7BmSI656MYA==

standardized-audio-context@^25.1.8:
  version "25.3.23"
  resolved "https://registry.yarnpkg.com/standardized-audio-context/-/standardized-audio-context-25.3.23.tgz#f0634c802629e54e9cadf8e02dfb2474f8435ec0"
  integrity sha512-4pDsYpOql/qAe+3iWnV0otsUyZYGCPA8h5UVSBclwc3gzsPN9pHCPWXGgI453JoM7IGLxNIdX0W1LOIdi5AgHQ==
  dependencies:
    "@babel/runtime" "^7.17.9"
    automation-events "^4.0.15"
    tslib "^2.3.1"

tone@^14.7.77:
  version "14.7.77"
  resolved "https://registry.yarnpkg.com/tone/-/tone-14.7.77.tgz#12a2a9f033952ccdb552275a6384ca5d36d4b5ed"
  integrity sha512-tCfK73IkLHyzoKUvGq47gyDyxiKLFvKiVCOobynGgBB9Dl0NkxTM2p+eRJXyCYrjJwy9Y0XCMqD3uOYsYt2Fdg==
  dependencies:
    standardized-audio-context "^25.1.8"
    tslib "^2.0.1"

tslib@^2.0.1, tslib@^2.3.1:
  version "2.3.1"
  resolved "https://registry.yarnpkg.com/tslib/-/tslib-2.3.1.tgz#e8a335add5ceae51aa261d32a490158ef042ef01"
  integrity sha512-77EbyPPpMz+FRFRuAFlWMtmgUWGe9UOG2Z25NqCwiIjRhOf5iKGuzSe5P2w1laq+FkRy4p+PCuVkJSGkzTEKVw==
